
Microsoft Visual Studio Solution File, Format Version 12.00
# Visual Studio Version 17
VisualStudioVersion = 17.11.35312.102
MinimumVisualStudioVersion = 10.0.40219.1
Project("{FAE04EC0-301F-11D3-BF4B-00C04F79EFBC}") = "Book", "Book\Book.csproj", "{EB56BECA-A1F6-4B20-8C53-406C74844B51}"
EndProject
Global
	GlobalSection(SolutionConfigurationPlatforms) = preSolution
		Debug|Any CPU = Debug|Any CPU
		Release|Any CPU = Release|Any CPU
	EndGlobalSection
	GlobalSection(ProjectConfigurationPlatforms) = postSolution
		{EB56BECA-A1F6-4B20-8C53-406C74844B51}.Debug|Any CPU.ActiveCfg = Debug|Any CPU
		{EB56BECA-A1F6-4B20-8C53-406C74844B51}.Debug|Any CPU.Build.0 = Debug|Any CPU
		{EB56BECA-A1F6-4B20-8C53-406C74844B51}.Release|Any CPU.ActiveCfg = Release|Any CPU
		{EB56BECA-A1F6-4B20-8C53-406C74844B51}.Release|Any CPU.Build.0 = Release|Any CPU
	EndGlobalSection
	GlobalSection(SolutionProperties) = preSolution
		HideSolutionNode = FALSE
	EndGlobalSection
	GlobalSection(ExtensibilityGlobals) = postSolution
		SolutionGuid = {E082641D-B9F8-4E65-9D2E-7412736B42C9}
	EndGlobalSection
EndGlobal
